
Microsoft Visual Studio Solution File, Format Version 12.00
# Visual Studio Version 17
VisualStudioVersion = 17.5.33627.172
MinimumVisualStudioVersion = 10.0.40219.1
Project("{8BC9CEB8-8B4A-11D0-8D11-00A0C91BC942}") = "GameClient", "ProjectList\ProjectList.vcxproj", "{FD9D21DE-C4B2-428A-99BC-D2DA0D6B1411}"
	ProjectSection(ProjectDependencies) = postProject
		{7E154570-3F77-46B4-A492-920D729771BE} = {7E154570-3F77-46B4-A492-920D729771BE}
		{EA841C94-CD49-4C6B-96B4-2A6A67AA63F4} = {EA841C94-CD49-4C6B-96B4-2A6A67AA63F4}
	EndProjectSection
EndProject
Project("{8BC9CEB8-8B4A-11D0-8D11-00A0C91BC942}") = "KunrealEngine", "KunrealEngine\KunrealEngine.vcxproj", "{7E154570-3F77-46B4-A492-920D729771BE}"
	ProjectSection(ProjectDependencies) = postProject
		{EA841C94-CD49-4C6B-96B4-2A6A67AA63F4} = {EA841C94-CD49-4C6B-96B4-2A6A67AA63F4}
	EndProjectSection
EndProject
Project("{8BC9CEB8-8B4A-11D0-8D11-00A0C91BC942}") = "GeunTool", "GeunTool\GeunTool.vcxproj", "{581F092C-F06D-407D-9C20-115889D92454}"
	ProjectSection(ProjectDependencies) = postProject
		{7E154570-3F77-46B4-A492-920D729771BE} = {7E154570-3F77-46B4-A492-920D729771BE}
		{EA841C94-CD49-4C6B-96B4-2A6A67AA63F4} = {EA841C94-CD49-4C6B-96B4-2A6A67AA63F4}
	EndProjectSection
EndProject
Project("{8BC9CEB8-8B4A-11D0-8D11-00A0C91BC942}") = "ClaVGraphics", "ClaVGraphics\ClaVGraphics.vcxproj", "{EA841C94-CD49-4C6B-96B4-2A6A67AA63F4}"
EndProject
Global
	GlobalSection(SolutionConfigurationPlatforms) = preSolution
		Debug|x64 = Debug|x64
		Debug|x86 = Debug|x86
		Release|x64 = Release|x64
		Release|x86 = Release|x86
	EndGlobalSection
	GlobalSection(ProjectConfigurationPlatforms) = postSolution
		{FD9D21DE-C4B2-428A-99BC-D2DA0D6B1411}.Debug|x64.ActiveCfg = Debug|x64
		{FD9D21DE-C4B2-428A-99BC-D2DA0D6B1411}.Debug|x64.Build.0 = Debug|x64
		{FD9D21DE-C4B2-428A-99BC-D2DA0D6B1411}.Debug|x86.ActiveCfg = Debug|Win32
		{FD9D21DE-C4B2-428A-99BC-D2DA0D6B1411}.Debug|x86.Build.0 = Debug|Win32
		{FD9D21DE-C4B2-428A-99BC-D2DA0D6B1411}.Release|x64.ActiveCfg = Release|x64
		{FD9D21DE-C4B2-428A-99BC-D2DA0D6B1411}.Release|x64.Build.0 = Release|x64
		{FD9D21DE-C4B2-428A-99BC-D2DA0D6B1411}.Release|x86.ActiveCfg = Release|Win32
		{FD9D21DE-C4B2-428A-99BC-D2DA0D6B1411}.Release|x86.Build.0 = Release|Win32
		{7E154570-3F77-46B4-A492-920D729771BE}.Debug|x64.ActiveCfg = Debug|x64
		{7E154570-3F77-46B4-A492-920D729771BE}.Debug|x64.Build.0 = Debug|x64
		{7E154570-3F77-46B4-A492-920D729771BE}.Debug|x86.ActiveCfg = Debug|Win32
		{7E154570-3F77-46B4-A492-920D729771BE}.Debug|x86.Build.0 = Debug|Win32
		{7E154570-3F77-46B4-A492-920D729771BE}.Release|x64.ActiveCfg = Release|x64
		{7E154570-3F77-46B4-A492-920D729771BE}.Release|x64.Build.0 = Release|x64
		{7E154570-3F77-46B4-A492-920D729771BE}.Release|x86.ActiveCfg = Release|Win32
		{7E154570-3F77-46B4-A492-920D729771BE}.Release|x86.Build.0 = Release|Win32
		{581F092C-F06D-407D-9C20-115889D92454}.Debug|x64.ActiveCfg = Debug|x64
		{581F092C-F06D-407D-9C20-115889D92454}.Debug|x64.Build.0 = Debug|x64
		{581F092C-F06D-407D-9C20-115889D92454}.Debug|x86.ActiveCfg = Debug|Win32
		{581F092C-F06D-407D-9C20-115889D92454}.Debug|x86.Build.0 = Debug|Win32
		{581F092C-F06D-407D-9C20-115889D92454}.Release|x64.ActiveCfg = Release|x64
		{581F092C-F06D-407D-9C20-115889D92454}.Release|x64.Build.0 = Release|x64
		{581F092C-F06D-407D-9C20-115889D92454}.Release|x86.ActiveCfg = Release|Win32
		{581F092C-F06D-407D-9C20-115889D92454}.Release|x86.Build.0 = Release|Win32
		{EA841C94-CD49-4C6B-96B4-2A6A67AA63F4}.Debug|x64.ActiveCfg = Debug|x64
		{EA841C94-CD49-4C6B-96B4-2A6A67AA63F4}.Debug|x64.Build.0 = Debug|x64
		{EA841C94-CD49-4C6B-96B4-2A6A67AA63F4}.Debug|x86.ActiveCfg = Debug|Win32
		{EA841C94-CD49-4C6B-96B4-2A6A67AA63F4}.Debug|x86.Build.0 = Debug|Win32
		{EA841C94-CD49-4C6B-96B4-2A6A67AA63F4}.Release|x64.ActiveCfg = Release|x64
		{EA841C94-CD49-4C6B-96B4-2A6A67AA63F4}.Release|x64.Build.0 = Release|x64
		{EA841C94-CD49-4C6B-96B4-2A6A67AA63F4}.Release|x86.ActiveCfg = Release|Win32
		{EA841C94-CD49-4C6B-96B4-2A6A67AA63F4}.Release|x86.Build.0 = Release|Win32
	EndGlobalSection
	GlobalSection(SolutionProperties) = preSolution
		HideSolutionNode = FALSE
	EndGlobalSection
	GlobalSection(ExtensibilityGlobals) = postSolution
		SolutionGuid = {3939D785-9F37-43EF-BE4B-657822B003C2}
	EndGlobalSection
EndGlobal
